// !$*UTF8*$!
{
	archiveVersion = 1;
	classes = {
	};
	objectVersion = 56;
	objects = {

/* Begin PBXBuildFile section */
		060196652A3ED0240042DA94 /* EvolutionWindow.swift in Sources */ = {isa = PBXBuildFile; fileRef = 060196642A3ED0240042DA94 /* EvolutionWindow.swift */; };
		060196682A3ED5DE0042DA94 /* ProgressFrog.swift in Sources */ = {isa = PBXBuildFile; fileRef = 060196672A3ED5DE0042DA94 /* ProgressFrog.swift */; };
		0601966A2A3ED61E0042DA94 /* ProgressFrogDelegate.swift in Sources */ = {isa = PBXBuildFile; fileRef = 060196692A3ED61E0042DA94 /* ProgressFrogDelegate.swift */; };
		06206E102A39828B0001B110 /* AlertWindow.swift in Sources */ = {isa = PBXBuildFile; fileRef = 06206E0F2A39828B0001B110 /* AlertWindow.swift */; };
		062C4943294C41FE00116F44 /* AppDelegate.swift in Sources */ = {isa = PBXBuildFile; fileRef = 062C4942294C41FE00116F44 /* AppDelegate.swift */; };
		062C4945294C41FE00116F44 /* GameScene.sks in Resources */ = {isa = PBXBuildFile; fileRef = 062C4944294C41FE00116F44 /* GameScene.sks */; };
		062C4947294C41FE00116F44 /* Actions.sks in Resources */ = {isa = PBXBuildFile; fileRef = 062C4946294C41FE00116F44 /* Actions.sks */; };
		062C4949294C41FE00116F44 /* BattleScene.swift in Sources */ = {isa = PBXBuildFile; fileRef = 062C4948294C41FE00116F44 /* BattleScene.swift */; };
		062C494B294C41FE00116F44 /* GameViewController.swift in Sources */ = {isa = PBXBuildFile; fileRef = 062C494A294C41FE00116F44 /* GameViewController.swift */; };
		062C494E294C41FE00116F44 /* Main.storyboard in Resources */ = {isa = PBXBuildFile; fileRef = 062C494C294C41FE00116F44 /* Main.storyboard */; };
		062C4950294C420000116F44 /* Assets.xcassets in Resources */ = {isa = PBXBuildFile; fileRef = 062C494F294C420000116F44 /* Assets.xcassets */; };
		062C4953294C420000116F44 /* LaunchScreen.storyboard in Resources */ = {isa = PBXBuildFile; fileRef = 062C4951294C420000116F44 /* LaunchScreen.storyboard */; };
		062C495B294C437300116F44 /* NumberButton.swift in Sources */ = {isa = PBXBuildFile; fileRef = 062C495A294C437300116F44 /* NumberButton.swift */; };
		06302BFB294C4C0E000F7D7D /* Util.swift in Sources */ = {isa = PBXBuildFile; fileRef = 06302BFA294C4C0E000F7D7D /* Util.swift */; };
		063782882A3BC0BB00A4A1C6 /* TimeBar.swift in Sources */ = {isa = PBXBuildFile; fileRef = 063782872A3BC0BA00A4A1C6 /* TimeBar.swift */; };
		0637828A2A3BC0F500A4A1C6 /* TimeBarDelegate.swift in Sources */ = {isa = PBXBuildFile; fileRef = 063782892A3BC0F500A4A1C6 /* TimeBarDelegate.swift */; };
		063A3793295A86600074BB85 /* Frog.swift in Sources */ = {isa = PBXBuildFile; fileRef = 063A3792295A86600074BB85 /* Frog.swift */; };
		063A3795295A86A40074BB85 /* FrogDelegate.swift in Sources */ = {isa = PBXBuildFile; fileRef = 063A3794295A86A40074BB85 /* FrogDelegate.swift */; };
		063A379B295A8BB20074BB85 /* Fly.swift in Sources */ = {isa = PBXBuildFile; fileRef = 063A379A295A8BB20074BB85 /* Fly.swift */; };
		063A379D295AAE850074BB85 /* FlyDelegate.swift in Sources */ = {isa = PBXBuildFile; fileRef = 063A379C295AAE850074BB85 /* FlyDelegate.swift */; };
		064675F6296B51D300174DFF /* GameScene.swift in Sources */ = {isa = PBXBuildFile; fileRef = 064675F5296B51D300174DFF /* GameScene.swift */; };
		064675F8296B53B300174DFF /* Button.swift in Sources */ = {isa = PBXBuildFile; fileRef = 064675F7296B53B300174DFF /* Button.swift */; };
		0663F4E52956B07000EB7DCF /* ButtonDelegate.swift in Sources */ = {isa = PBXBuildFile; fileRef = 0663F4E42956B07000EB7DCF /* ButtonDelegate.swift */; };
		0663F4E72956BDFD00EB7DCF /* ProblemWindow.swift in Sources */ = {isa = PBXBuildFile; fileRef = 0663F4E62956BDFD00EB7DCF /* ProblemWindow.swift */; };
		0671C8FF2A3CD2430072B400 /* ProgressBar.swift in Sources */ = {isa = PBXBuildFile; fileRef = 0671C8FE2A3CD2430072B400 /* ProgressBar.swift */; };
		0671C9012A3CEA890072B400 /* GameOverWindow.swift in Sources */ = {isa = PBXBuildFile; fileRef = 0671C9002A3CEA890072B400 /* GameOverWindow.swift */; };
		069FEFEE2A647E8B00A8CF39 /* LightRaysParticle.sks in Resources */ = {isa = PBXBuildFile; fileRef = 069FEFED2A647E8B00A8CF39 /* LightRaysParticle.sks */; };
		069FEFF02A6490FB00A8CF39 /* StoreScene.swift in Sources */ = {isa = PBXBuildFile; fileRef = 069FEFEF2A6490FB00A8CF39 /* StoreScene.swift */; };
		06BCAB332A3BE487005F3A9F /* SettingsScene.swift in Sources */ = {isa = PBXBuildFile; fileRef = 06BCAB322A3BE487005F3A9F /* SettingsScene.swift */; };
		06BCAB352A3C274D005F3A9F /* FlyCounter.swift in Sources */ = {isa = PBXBuildFile; fileRef = 06BCAB342A3C274D005F3A9F /* FlyCounter.swift */; };
		06CBC9562A4AA07400900753 /* FroggiesScene.swift in Sources */ = {isa = PBXBuildFile; fileRef = 06CBC9552A4AA07400900753 /* FroggiesScene.swift */; };
		06D007902A3AC33200CABA15 /* Settings.swift in Sources */ = {isa = PBXBuildFile; fileRef = 06D0078F2A3AC33200CABA15 /* Settings.swift */; };
		06D007A42A3AD3B100CABA15 /* slurp_0.m4a in Resources */ = {isa = PBXBuildFile; fileRef = 06D007A12A3AD3B000CABA15 /* slurp_0.m4a */; };
		06D007A52A3AD3B100CABA15 /* slurp_2.m4a in Resources */ = {isa = PBXBuildFile; fileRef = 06D007A22A3AD3B100CABA15 /* slurp_2.m4a */; };
		06D007A62A3AD3B100CABA15 /* slurp_1.m4a in Resources */ = {isa = PBXBuildFile; fileRef = 06D007A32A3AD3B100CABA15 /* slurp_1.m4a */; };
/* End PBXBuildFile section */

/* Begin PBXFileReference section */
		060196642A3ED0240042DA94 /* EvolutionWindow.swift */ = {isa = PBXFileReference; lastKnownFileType = sourcecode.swift; path = EvolutionWindow.swift; sourceTree = "<group>"; };
		060196672A3ED5DE0042DA94 /* ProgressFrog.swift */ = {isa = PBXFileReference; lastKnownFileType = sourcecode.swift; path = ProgressFrog.swift; sourceTree = "<group>"; };
		060196692A3ED61E0042DA94 /* ProgressFrogDelegate.swift */ = {isa = PBXFileReference; lastKnownFileType = sourcecode.swift; path = ProgressFrogDelegate.swift; sourceTree = "<group>"; };
		06206E0F2A39828B0001B110 /* AlertWindow.swift */ = {isa = PBXFileReference; lastKnownFileType = sourcecode.swift; path = AlertWindow.swift; sourceTree = "<group>"; };
		062C493F294C41FE00116F44 /* Froggy Math.app */ = {isa = PBXFileReference; explicitFileType = wrapper.application; includeInIndex = 0; path = "Froggy Math.app"; sourceTree = BUILT_PRODUCTS_DIR; };
		062C4942294C41FE00116F44 /* AppDelegate.swift */ = {isa = PBXFileReference; lastKnownFileType = sourcecode.swift; path = AppDelegate.swift; sourceTree = "<group>"; };
		062C4944294C41FE00116F44 /* GameScene.sks */ = {isa = PBXFileReference; lastKnownFileType = file.sks; path = GameScene.sks; sourceTree = "<group>"; };
		062C4946294C41FE00116F44 /* Actions.sks */ = {isa = PBXFileReference; lastKnownFileType = file.sks; path = Actions.sks; sourceTree = "<group>"; };
		062C4948294C41FE00116F44 /* BattleScene.swift */ = {isa = PBXFileReference; lastKnownFileType = sourcecode.swift; path = BattleScene.swift; sourceTree = "<group>"; };
		062C494A294C41FE00116F44 /* GameViewController.swift */ = {isa = PBXFileReference; lastKnownFileType = sourcecode.swift; path = GameViewController.swift; sourceTree = "<group>"; };
		062C494D294C41FE00116F44 /* Base */ = {isa = PBXFileReference; lastKnownFileType = file.storyboard; name = Base; path = Base.lproj/Main.storyboard; sourceTree = "<group>"; };
		062C494F294C420000116F44 /* Assets.xcassets */ = {isa = PBXFileReference; lastKnownFileType = folder.assetcatalog; path = Assets.xcassets; sourceTree = "<group>"; };
		062C4952294C420000116F44 /* Base */ = {isa = PBXFileReference; lastKnownFileType = file.storyboard; name = Base; path = Base.lproj/LaunchScreen.storyboard; sourceTree = "<group>"; };
		062C495A294C437300116F44 /* NumberButton.swift */ = {isa = PBXFileReference; lastKnownFileType = sourcecode.swift; path = NumberButton.swift; sourceTree = "<group>"; };
		06302BFA294C4C0E000F7D7D /* Util.swift */ = {isa = PBXFileReference; lastKnownFileType = sourcecode.swift; path = Util.swift; sourceTree = "<group>"; };
		063782872A3BC0BA00A4A1C6 /* TimeBar.swift */ = {isa = PBXFileReference; lastKnownFileType = sourcecode.swift; path = TimeBar.swift; sourceTree = "<group>"; };
		063782892A3BC0F500A4A1C6 /* TimeBarDelegate.swift */ = {isa = PBXFileReference; lastKnownFileType = sourcecode.swift; path = TimeBarDelegate.swift; sourceTree = "<group>"; };
		063A3792295A86600074BB85 /* Frog.swift */ = {isa = PBXFileReference; lastKnownFileType = sourcecode.swift; path = Frog.swift; sourceTree = "<group>"; };
		063A3794295A86A40074BB85 /* FrogDelegate.swift */ = {isa = PBXFileReference; lastKnownFileType = sourcecode.swift; path = FrogDelegate.swift; sourceTree = "<group>"; };
		063A379A295A8BB20074BB85 /* Fly.swift */ = {isa = PBXFileReference; lastKnownFileType = sourcecode.swift; path = Fly.swift; sourceTree = "<group>"; };
		063A379C295AAE850074BB85 /* FlyDelegate.swift */ = {isa = PBXFileReference; lastKnownFileType = sourcecode.swift; path = FlyDelegate.swift; sourceTree = "<group>"; };
		064675F5296B51D300174DFF /* GameScene.swift */ = {isa = PBXFileReference; lastKnownFileType = sourcecode.swift; path = GameScene.swift; sourceTree = "<group>"; };
		064675F7296B53B300174DFF /* Button.swift */ = {isa = PBXFileReference; lastKnownFileType = sourcecode.swift; path = Button.swift; sourceTree = "<group>"; };
		0663F4E42956B07000EB7DCF /* ButtonDelegate.swift */ = {isa = PBXFileReference; lastKnownFileType = sourcecode.swift; path = ButtonDelegate.swift; sourceTree = "<group>"; };
		0663F4E62956BDFD00EB7DCF /* ProblemWindow.swift */ = {isa = PBXFileReference; lastKnownFileType = sourcecode.swift; path = ProblemWindow.swift; sourceTree = "<group>"; };
		0671C8FE2A3CD2430072B400 /* ProgressBar.swift */ = {isa = PBXFileReference; lastKnownFileType = sourcecode.swift; path = ProgressBar.swift; sourceTree = "<group>"; };
		0671C9002A3CEA890072B400 /* GameOverWindow.swift */ = {isa = PBXFileReference; lastKnownFileType = sourcecode.swift; path = GameOverWindow.swift; sourceTree = "<group>"; };
		069FEFED2A647E8B00A8CF39 /* LightRaysParticle.sks */ = {isa = PBXFileReference; lastKnownFileType = file.sks; path = LightRaysParticle.sks; sourceTree = "<group>"; };
		069FEFEF2A6490FB00A8CF39 /* StoreScene.swift */ = {isa = PBXFileReference; lastKnownFileType = sourcecode.swift; path = StoreScene.swift; sourceTree = "<group>"; };
		06BCAB322A3BE487005F3A9F /* SettingsScene.swift */ = {isa = PBXFileReference; lastKnownFileType = sourcecode.swift; path = SettingsScene.swift; sourceTree = "<group>"; };
		06BCAB342A3C274D005F3A9F /* FlyCounter.swift */ = {isa = PBXFileReference; lastKnownFileType = sourcecode.swift; path = FlyCounter.swift; sourceTree = "<group>"; };
		06CBC9552A4AA07400900753 /* FroggiesScene.swift */ = {isa = PBXFileReference; lastKnownFileType = sourcecode.swift; path = FroggiesScene.swift; sourceTree = "<group>"; };
		06D0078F2A3AC33200CABA15 /* Settings.swift */ = {isa = PBXFileReference; lastKnownFileType = sourcecode.swift; path = Settings.swift; sourceTree = "<group>"; };
		06D007A12A3AD3B000CABA15 /* slurp_0.m4a */ = {isa = PBXFileReference; lastKnownFileType = file; path = slurp_0.m4a; sourceTree = SOURCE_ROOT; };
		06D007A22A3AD3B100CABA15 /* slurp_2.m4a */ = {isa = PBXFileReference; lastKnownFileType = file; path = slurp_2.m4a; sourceTree = SOURCE_ROOT; };
		06D007A32A3AD3B100CABA15 /* slurp_1.m4a */ = {isa = PBXFileReference; lastKnownFileType = file; path = slurp_1.m4a; sourceTree = SOURCE_ROOT; };
/* End PBXFileReference section */

/* Begin PBXFrameworksBuildPhase section */
		062C493C294C41FE00116F44 /* Frameworks */ = {
			isa = PBXFrameworksBuildPhase;
			buildActionMask = 2147483647;
			files = (
			);
			runOnlyForDeploymentPostprocessing = 0;
		};
/* End PBXFrameworksBuildPhase section */

/* Begin PBXGroup section */
		060196632A3ED0000042DA94 /* window */ = {
			isa = PBXGroup;
			children = (
				06206E0F2A39828B0001B110 /* AlertWindow.swift */,
				060196642A3ED0240042DA94 /* EvolutionWindow.swift */,
				0671C9002A3CEA890072B400 /* GameOverWindow.swift */,
			);
			path = window;
			sourceTree = "<group>";
		};
		060196662A3ED5690042DA94 /* progress */ = {
			isa = PBXGroup;
			children = (
				0671C8FE2A3CD2430072B400 /* ProgressBar.swift */,
				060196672A3ED5DE0042DA94 /* ProgressFrog.swift */,
				060196692A3ED61E0042DA94 /* ProgressFrogDelegate.swift */,
			);
			path = progress;
			sourceTree = "<group>";
		};
		062C4936294C41FE00116F44 = {
			isa = PBXGroup;
			children = (
				062C4941294C41FE00116F44 /* Froggy Math */,
				062C4940294C41FE00116F44 /* Products */,
			);
			sourceTree = "<group>";
		};
		062C4940294C41FE00116F44 /* Products */ = {
			isa = PBXGroup;
			children = (
				062C493F294C41FE00116F44 /* Froggy Math.app */,
			);
			name = Products;
			sourceTree = "<group>";
		};
		062C4941294C41FE00116F44 /* Froggy Math */ = {
			isa = PBXGroup;
			children = (
				060196632A3ED0000042DA94 /* window */,
				06D007912A3AD27700CABA15 /* sounds */,
				063A3799295A89E80074BB85 /* timer */,
				063A3796295A89AB0074BB85 /* fly */,
				063A3791295A86500074BB85 /* frog */,
				062C4959294C435000116F44 /* buttons */,
				062C4942294C41FE00116F44 /* AppDelegate.swift */,
				062C4944294C41FE00116F44 /* GameScene.sks */,
				060196662A3ED5690042DA94 /* progress */,
				062C4946294C41FE00116F44 /* Actions.sks */,
				062C4948294C41FE00116F44 /* BattleScene.swift */,
				069FEFED2A647E8B00A8CF39 /* LightRaysParticle.sks */,
				064675F5296B51D300174DFF /* GameScene.swift */,
				06BCAB322A3BE487005F3A9F /* SettingsScene.swift */,
				06CBC9552A4AA07400900753 /* FroggiesScene.swift */,
				069FEFEF2A6490FB00A8CF39 /* StoreScene.swift */,
				0663F4E62956BDFD00EB7DCF /* ProblemWindow.swift */,
				062C494A294C41FE00116F44 /* GameViewController.swift */,
				06302BFA294C4C0E000F7D7D /* Util.swift */,
				06D0078F2A3AC33200CABA15 /* Settings.swift */,
				062C494C294C41FE00116F44 /* Main.storyboard */,
				062C494F294C420000116F44 /* Assets.xcassets */,
				062C4951294C420000116F44 /* LaunchScreen.storyboard */,
			);
			path = "Froggy Math";
			sourceTree = "<group>";
		};
		062C4959294C435000116F44 /* buttons */ = {
			isa = PBXGroup;
			children = (
				062C495A294C437300116F44 /* NumberButton.swift */,
				0663F4E42956B07000EB7DCF /* ButtonDelegate.swift */,
				064675F7296B53B300174DFF /* Button.swift */,
			);
			path = buttons;
			sourceTree = "<group>";
		};
		063A3791295A86500074BB85 /* frog */ = {
			isa = PBXGroup;
			children = (
				063A3792295A86600074BB85 /* Frog.swift */,
				063A3794295A86A40074BB85 /* FrogDelegate.swift */,
			);
			path = frog;
			sourceTree = "<group>";
		};
		063A3796295A89AB0074BB85 /* fly */ = {
			isa = PBXGroup;
			children = (
				063A379A295A8BB20074BB85 /* Fly.swift */,
				063A379C295AAE850074BB85 /* FlyDelegate.swift */,
				06BCAB342A3C274D005F3A9F /* FlyCounter.swift */,
			);
			path = fly;
			sourceTree = "<group>";
		};
		063A3799295A89E80074BB85 /* timer */ = {
			isa = PBXGroup;
			children = (
				063782872A3BC0BA00A4A1C6 /* TimeBar.swift */,
				063782892A3BC0F500A4A1C6 /* TimeBarDelegate.swift */,
			);
			path = timer;
			sourceTree = "<group>";
		};
		06D007912A3AD27700CABA15 /* sounds */ = {
			isa = PBXGroup;
			children = (
				06D007A12A3AD3B000CABA15 /* slurp_0.m4a */,
				06D007A32A3AD3B100CABA15 /* slurp_1.m4a */,
				06D007A22A3AD3B100CABA15 /* slurp_2.m4a */,
			);
			path = sounds;
			sourceTree = "<group>";
		};
/* End PBXGroup section */

/* Begin PBXNativeTarget section */
		062C493E294C41FE00116F44 /* Froggy Math */ = {
			isa = PBXNativeTarget;
			buildConfigurationList = 062C4956294C420000116F44 /* Build configuration list for PBXNativeTarget "Froggy Math" */;
			buildPhases = (
				062C493B294C41FE00116F44 /* Sources */,
				062C493C294C41FE00116F44 /* Frameworks */,
				062C493D294C41FE00116F44 /* Resources */,
			);
			buildRules = (
			);
			dependencies = (
			);
			name = "Froggy Math";
			productName = "Froggy Math";
			productReference = 062C493F294C41FE00116F44 /* Froggy Math.app */;
			productType = "com.apple.product-type.application";
		};
/* End PBXNativeTarget section */

/* Begin PBXProject section */
		062C4937294C41FE00116F44 /* Project object */ = {
			isa = PBXProject;
			attributes = {
				BuildIndependentTargetsInParallel = 1;
				LastSwiftUpdateCheck = 1420;
				LastUpgradeCheck = 1420;
				TargetAttributes = {
					062C493E294C41FE00116F44 = {
						CreatedOnToolsVersion = 14.2;
					};
				};
			};
			buildConfigurationList = 062C493A294C41FE00116F44 /* Build configuration list for PBXProject "Froggy Math" */;
			compatibilityVersion = "Xcode 14.0";
			developmentRegion = en;
			hasScannedForEncodings = 0;
			knownRegions = (
				en,
				Base,
			);
			mainGroup = 062C4936294C41FE00116F44;
			productRefGroup = 062C4940294C41FE00116F44 /* Products */;
			projectDirPath = "";
			projectRoot = "";
			targets = (
				062C493E294C41FE00116F44 /* Froggy Math */,
			);
		};
/* End PBXProject section */

/* Begin PBXResourcesBuildPhase section */
		062C493D294C41FE00116F44 /* Resources */ = {
			isa = PBXResourcesBuildPhase;
			buildActionMask = 2147483647;
			files = (
				062C494E294C41FE00116F44 /* Main.storyboard in Resources */,
				06D007A62A3AD3B100CABA15 /* slurp_1.m4a in Resources */,
				062C4945294C41FE00116F44 /* GameScene.sks in Resources */,
				06D007A42A3AD3B100CABA15 /* slurp_0.m4a in Resources */,
				062C4950294C420000116F44 /* Assets.xcassets in Resources */,
				06D007A52A3AD3B100CABA15 /* slurp_2.m4a in Resources */,
				062C4953294C420000116F44 /* LaunchScreen.storyboard in Resources */,
				062C4947294C41FE00116F44 /* Actions.sks in Resources */,
				069FEFEE2A647E8B00A8CF39 /* LightRaysParticle.sks in Resources */,
			);
			runOnlyForDeploymentPostprocessing = 0;
		};
/* End PBXResourcesBuildPhase section */

/* Begin PBXSourcesBuildPhase section */
		062C493B294C41FE00116F44 /* Sources */ = {
			isa = PBXSourcesBuildPhase;
			buildActionMask = 2147483647;
			files = (
				064675F6296B51D300174DFF /* GameScene.swift in Sources */,
				062C4949294C41FE00116F44 /* BattleScene.swift in Sources */,
				06BCAB352A3C274D005F3A9F /* FlyCounter.swift in Sources */,
				0637828A2A3BC0F500A4A1C6 /* TimeBarDelegate.swift in Sources */,
				0671C9012A3CEA890072B400 /* GameOverWindow.swift in Sources */,
				063A379D295AAE850074BB85 /* FlyDelegate.swift in Sources */,
				062C494B294C41FE00116F44 /* GameViewController.swift in Sources */,
				060196652A3ED0240042DA94 /* EvolutionWindow.swift in Sources */,
				06206E102A39828B0001B110 /* AlertWindow.swift in Sources */,
				063A3795295A86A40074BB85 /* FrogDelegate.swift in Sources */,
				0663F4E52956B07000EB7DCF /* ButtonDelegate.swift in Sources */,
				063A3793295A86600074BB85 /* Frog.swift in Sources */,
				0663F4E72956BDFD00EB7DCF /* ProblemWindow.swift in Sources */,
				0601966A2A3ED61E0042DA94 /* ProgressFrogDelegate.swift in Sources */,
				069FEFF02A6490FB00A8CF39 /* StoreScene.swift in Sources */,
				06D007902A3AC33200CABA15 /* Settings.swift in Sources */,
				060196682A3ED5DE0042DA94 /* ProgressFrog.swift in Sources */,
				06CBC9562A4AA07400900753 /* FroggiesScene.swift in Sources */,
				06302BFB294C4C0E000F7D7D /* Util.swift in Sources */,
				063A379B295A8BB20074BB85 /* Fly.swift in Sources */,
				063782882A3BC0BB00A4A1C6 /* TimeBar.swift in Sources */,
				062C495B294C437300116F44 /* NumberButton.swift in Sources */,
				06BCAB332A3BE487005F3A9F /* SettingsScene.swift in Sources */,
				064675F8296B53B300174DFF /* Button.swift in Sources */,
				0671C8FF2A3CD2430072B400 /* ProgressBar.swift in Sources */,
				062C4943294C41FE00116F44 /* AppDelegate.swift in Sources */,
			);
			runOnlyForDeploymentPostprocessing = 0;
		};
/* End PBXSourcesBuildPhase section */

/* Begin PBXVariantGroup section */
		062C494C294C41FE00116F44 /* Main.storyboard */ = {
			isa = PBXVariantGroup;
			children = (
				062C494D294C41FE00116F44 /* Base */,
			);
			name = Main.storyboard;
			sourceTree = "<group>";
		};
		062C4951294C420000116F44 /* LaunchScreen.storyboard */ = {
			isa = PBXVariantGroup;
			children = (
				062C4952294C420000116F44 /* Base */,
			);
			name = LaunchScreen.storyboard;
			sourceTree = "<group>";
		};
/* End PBXVariantGroup section */

/* Begin XCBuildConfiguration section */
		062C4954294C420000116F44 /* Debug */ = {
			isa = XCBuildConfiguration;
			buildSettings = {
				ALWAYS_SEARCH_USER_PATHS = NO;
				CLANG_ANALYZER_NONNULL = YES;
				CLANG_ANALYZER_NUMBER_OBJECT_CONVERSION = YES_AGGRESSIVE;
				CLANG_CXX_LANGUAGE_STANDARD = "gnu++20";
				CLANG_ENABLE_MODULES = YES;
				CLANG_ENABLE_OBJC_ARC = YES;
				CLANG_ENABLE_OBJC_WEAK = YES;
				CLANG_WARN_BLOCK_CAPTURE_AUTORELEASING = YES;
				CLANG_WARN_BOOL_CONVERSION = YES;
				CLANG_WARN_COMMA = YES;
				CLANG_WARN_CONSTANT_CONVERSION = YES;
				CLANG_WARN_DEPRECATED_OBJC_IMPLEMENTATIONS = YES;
				CLANG_WARN_DIRECT_OBJC_ISA_USAGE = YES_ERROR;
				CLANG_WARN_DOCUMENTATION_COMMENTS = YES;
				CLANG_WARN_EMPTY_BODY = YES;
				CLANG_WARN_ENUM_CONVERSION = YES;
				CLANG_WARN_INFINITE_RECURSION = YES;
				CLANG_WARN_INT_CONVERSION = YES;
				CLANG_WARN_NON_LITERAL_NULL_CONVERSION = YES;
				CLANG_WARN_OBJC_IMPLICIT_RETAIN_SELF = YES;
				CLANG_WARN_OBJC_LITERAL_CONVERSION = YES;
				CLANG_WARN_OBJC_ROOT_CLASS = YES_ERROR;
				CLANG_WARN_QUOTED_INCLUDE_IN_FRAMEWORK_HEADER = YES;
				CLANG_WARN_RANGE_LOOP_ANALYSIS = YES;
				CLANG_WARN_STRICT_PROTOTYPES = YES;
				CLANG_WARN_SUSPICIOUS_MOVE = YES;
				CLANG_WARN_UNGUARDED_AVAILABILITY = YES_AGGRESSIVE;
				CLANG_WARN_UNREACHABLE_CODE = YES;
				CLANG_WARN__DUPLICATE_METHOD_MATCH = YES;
				COPY_PHASE_STRIP = NO;
				DEBUG_INFORMATION_FORMAT = dwarf;
				ENABLE_STRICT_OBJC_MSGSEND = YES;
				ENABLE_TESTABILITY = YES;
				GCC_C_LANGUAGE_STANDARD = gnu11;
				GCC_DYNAMIC_NO_PIC = NO;
				GCC_NO_COMMON_BLOCKS = YES;
				GCC_OPTIMIZATION_LEVEL = 0;
				GCC_PREPROCESSOR_DEFINITIONS = (
					"DEBUG=1",
					"$(inherited)",
				);
				GCC_WARN_64_TO_32_BIT_CONVERSION = YES;
				GCC_WARN_ABOUT_RETURN_TYPE = YES_ERROR;
				GCC_WARN_UNDECLARED_SELECTOR = YES;
				GCC_WARN_UNINITIALIZED_AUTOS = YES_AGGRESSIVE;
				GCC_WARN_UNUSED_FUNCTION = YES;
				GCC_WARN_UNUSED_VARIABLE = YES;
				IPHONEOS_DEPLOYMENT_TARGET = 16.2;
				MTL_ENABLE_DEBUG_INFO = INCLUDE_SOURCE;
				MTL_FAST_MATH = YES;
				ONLY_ACTIVE_ARCH = YES;
				SDKROOT = iphoneos;
				SWIFT_ACTIVE_COMPILATION_CONDITIONS = DEBUG;
				SWIFT_OPTIMIZATION_LEVEL = "-Onone";
			};
			name = Debug;
		};
		062C4955294C420000116F44 /* Release */ = {
			isa = XCBuildConfiguration;
			buildSettings = {
				ALWAYS_SEARCH_USER_PATHS = NO;
				CLANG_ANALYZER_NONNULL = YES;
				CLANG_ANALYZER_NUMBER_OBJECT_CONVERSION = YES_AGGRESSIVE;
				CLANG_CXX_LANGUAGE_STANDARD = "gnu++20";
				CLANG_ENABLE_MODULES = YES;
				CLANG_ENABLE_OBJC_ARC = YES;
				CLANG_ENABLE_OBJC_WEAK = YES;
				CLANG_WARN_BLOCK_CAPTURE_AUTORELEASING = YES;
				CLANG_WARN_BOOL_CONVERSION = YES;
				CLANG_WARN_COMMA = YES;
				CLANG_WARN_CONSTANT_CONVERSION = YES;
				CLANG_WARN_DEPRECATED_OBJC_IMPLEMENTATIONS = YES;
				CLANG_WARN_DIRECT_OBJC_ISA_USAGE = YES_ERROR;
				CLANG_WARN_DOCUMENTATION_COMMENTS = YES;
				CLANG_WARN_EMPTY_BODY = YES;
				CLANG_WARN_ENUM_CONVERSION = YES;
				CLANG_WARN_INFINITE_RECURSION = YES;
				CLANG_WARN_INT_CONVERSION = YES;
				CLANG_WARN_NON_LITERAL_NULL_CONVERSION = YES;
				CLANG_WARN_OBJC_IMPLICIT_RETAIN_SELF = YES;
				CLANG_WARN_OBJC_LITERAL_CONVERSION = YES;
				CLANG_WARN_OBJC_ROOT_CLASS = YES_ERROR;
				CLANG_WARN_QUOTED_INCLUDE_IN_FRAMEWORK_HEADER = YES;
				CLANG_WARN_RANGE_LOOP_ANALYSIS = YES;
				CLANG_WARN_STRICT_PROTOTYPES = YES;
				CLANG_WARN_SUSPICIOUS_MOVE = YES;
				CLANG_WARN_UNGUARDED_AVAILABILITY = YES_AGGRESSIVE;
				CLANG_WARN_UNREACHABLE_CODE = YES;
				CLANG_WARN__DUPLICATE_METHOD_MATCH = YES;
				COPY_PHASE_STRIP = NO;
				DEBUG_INFORMATION_FORMAT = "dwarf-with-dsym";
				ENABLE_NS_ASSERTIONS = NO;
				ENABLE_STRICT_OBJC_MSGSEND = YES;
				GCC_C_LANGUAGE_STANDARD = gnu11;
				GCC_NO_COMMON_BLOCKS = YES;
				GCC_WARN_64_TO_32_BIT_CONVERSION = YES;
				GCC_WARN_ABOUT_RETURN_TYPE = YES_ERROR;
				GCC_WARN_UNDECLARED_SELECTOR = YES;
				GCC_WARN_UNINITIALIZED_AUTOS = YES_AGGRESSIVE;
				GCC_WARN_UNUSED_FUNCTION = YES;
				GCC_WARN_UNUSED_VARIABLE = YES;
				IPHONEOS_DEPLOYMENT_TARGET = 16.2;
				MTL_ENABLE_DEBUG_INFO = NO;
				MTL_FAST_MATH = YES;
				SDKROOT = iphoneos;
				SWIFT_COMPILATION_MODE = wholemodule;
				SWIFT_OPTIMIZATION_LEVEL = "-O";
				VALIDATE_PRODUCT = YES;
			};
			name = Release;
		};
		062C4957294C420000116F44 /* Debug */ = {
			isa = XCBuildConfiguration;
			buildSettings = {
				ASSETCATALOG_COMPILER_APPICON_NAME = AppIcon;
				ASSETCATALOG_COMPILER_GLOBAL_ACCENT_COLOR_NAME = AccentColor;
				CODE_SIGN_STYLE = Automatic;
				CURRENT_PROJECT_VERSION = 1;
				DEVELOPMENT_TEAM = ADZ28PB9Z4;
				GENERATE_INFOPLIST_FILE = YES;
				INFOPLIST_KEY_UIApplicationSupportsIndirectInputEvents = YES;
				INFOPLIST_KEY_UILaunchStoryboardName = LaunchScreen;
				INFOPLIST_KEY_UIMainStoryboardFile = Main;
				INFOPLIST_KEY_UIStatusBarHidden = YES;
				INFOPLIST_KEY_UISupportedInterfaceOrientations_iPad = "UIInterfaceOrientationPortrait UIInterfaceOrientationPortraitUpsideDown UIInterfaceOrientationLandscapeLeft UIInterfaceOrientationLandscapeRight";
				INFOPLIST_KEY_UISupportedInterfaceOrientations_iPhone = "UIInterfaceOrientationPortrait UIInterfaceOrientationLandscapeLeft UIInterfaceOrientationLandscapeRight";
				IPHONEOS_DEPLOYMENT_TARGET = 16.0;
				LD_RUNPATH_SEARCH_PATHS = (
					"$(inherited)",
					"@executable_path/Frameworks",
				);
				MARKETING_VERSION = 1.0;
				PRODUCT_BUNDLE_IDENTIFIER = "davidchu.Froggy-Math";
				PRODUCT_NAME = "$(TARGET_NAME)";
				SWIFT_EMIT_LOC_STRINGS = YES;
				SWIFT_VERSION = 5.0;
				TARGETED_DEVICE_FAMILY = "1,2";
			};
			name = Debug;
		};
		062C4958294C420000116F44 /* Release */ = {
			isa = XCBuildConfiguration;
			buildSettings = {
				ASSETCATALOG_COMPILER_APPICON_NAME = AppIcon;
				ASSETCATALOG_COMPILER_GLOBAL_ACCENT_COLOR_NAME = AccentColor;
				CODE_SIGN_STYLE = Automatic;
				CURRENT_PROJECT_VERSION = 1;
				DEVELOPMENT_TEAM = ADZ28PB9Z4;
				GENERATE_INFOPLIST_FILE = YES;
				INFOPLIST_KEY_UIApplicationSupportsIndirectInputEvents = YES;
				INFOPLIST_KEY_UILaunchStoryboardName = LaunchScreen;
				INFOPLIST_KEY_UIMainStoryboardFile = Main;
				INFOPLIST_KEY_UIStatusBarHidden = YES;
				INFOPLIST_KEY_UISupportedInterfaceOrientations_iPad = "UIInterfaceOrientationPortrait UIInterfaceOrientationPortraitUpsideDown UIInterfaceOrientationLandscapeLeft UIInterfaceOrientationLandscapeRight";
				INFOPLIST_KEY_UISupportedInterfaceOrientations_iPhone = "UIInterfaceOrientationPortrait UIInterfaceOrientationLandscapeLeft UIInterfaceOrientationLandscapeRight";
				IPHONEOS_DEPLOYMENT_TARGET = 16.0;
				LD_RUNPATH_SEARCH_PATHS = (
					"$(inherited)",
					"@executable_path/Frameworks",
				);
				MARKETING_VERSION = 1.0;
				PRODUCT_BUNDLE_IDENTIFIER = "davidchu.Froggy-Math";
				PRODUCT_NAME = "$(TARGET_NAME)";
				SWIFT_EMIT_LOC_STRINGS = YES;
				SWIFT_VERSION = 5.0;
				TARGETED_DEVICE_FAMILY = "1,2";
			};
			name = Release;
		};
/* End XCBuildConfiguration section */

/* Begin XCConfigurationList section */
		062C493A294C41FE00116F44 /* Build configuration list for PBXProject "Froggy Math" */ = {
			isa = XCConfigurationList;
			buildConfigurations = (
				062C4954294C420000116F44 /* Debug */,
				062C4955294C420000116F44 /* Release */,
			);
			defaultConfigurationIsVisible = 0;
			defaultConfigurationName = Release;
		};
		062C4956294C420000116F44 /* Build configuration list for PBXNativeTarget "Froggy Math" */ = {
			isa = XCConfigurationList;
			buildConfigurations = (
				062C4957294C420000116F44 /* Debug */,
				062C4958294C420000116F44 /* Release */,
			);
			defaultConfigurationIsVisible = 0;
			defaultConfigurationName = Release;
		};
/* End XCConfigurationList section */
	};
	rootObject = 062C4937294C41FE00116F44 /* Project object */;
}
